// !$*UTF8*$!
{
	archiveVersion = 1;
	classes = {
	};
	objectVersion = 56;
	objects = {

/* Begin PBXBuildFile section */
		D5B4BAD12939FEC100EC9584 /* AppDelegate.swift in Sources */ = {isa = PBXBuildFile; fileRef = D5B4BAD02939FEC100EC9584 /* AppDelegate.swift */; };
		D5B4BAD32939FEC100EC9584 /* SceneDelegate.swift in Sources */ = {isa = PBXBuildFile; fileRef = D5B4BAD22939FEC100EC9584 /* SceneDelegate.swift */; };
		D5B4BAD52939FEC100EC9584 /* ViewController.swift in Sources */ = {isa = PBXBuildFile; fileRef = D5B4BAD42939FEC100EC9584 /* ViewController.swift */; };
		D5B4BAD82939FEC100EC9584 /* Main.storyboard in Resources */ = {isa = PBXBuildFile; fileRef = D5B4BAD62939FEC100EC9584 /* Main.storyboard */; };
		D5B4BADA2939FEC200EC9584 /* Assets.xcassets in Resources */ = {isa = PBXBuildFile; fileRef = D5B4BAD92939FEC200EC9584 /* Assets.xcassets */; };
		D5B4BADD2939FEC200EC9584 /* LaunchScreen.storyboard in Resources */ = {isa = PBXBuildFile; fileRef = D5B4BADB2939FEC200EC9584 /* LaunchScreen.storyboard */; };
		D5B4BAE92939FF3000EC9584 /* Extensions.swift in Sources */ = {isa = PBXBuildFile; fileRef = D5B4BAE82939FF3000EC9584 /* Extensions.swift */; };
		D5B4BAEB2939FF4800EC9584 /* Account.swift in Sources */ = {isa = PBXBuildFile; fileRef = D5B4BAEA2939FF4800EC9584 /* Account.swift */; };
		D5B4BAEF2939FF7400EC9584 /* Network.swift in Sources */ = {isa = PBXBuildFile; fileRef = D5B4BAEE2939FF7400EC9584 /* Network.swift */; };
		D5B4BAF12939FF7F00EC9584 /* Router.swift in Sources */ = {isa = PBXBuildFile; fileRef = D5B4BAF02939FF7F00EC9584 /* Router.swift */; };
/* End PBXBuildFile section */

/* Begin PBXFileReference section */
		D5B4BACD2939FEC100EC9584 /* Prompts-UIKit.app */ = {isa = PBXFileReference; explicitFileType = wrapper.application; includeInIndex = 0; path = "Prompts-UIKit.app"; sourceTree = BUILT_PRODUCTS_DIR; };
		D5B4BAD02939FEC100EC9584 /* AppDelegate.swift */ = {isa = PBXFileReference; lastKnownFileType = sourcecode.swift; path = AppDelegate.swift; sourceTree = "<group>"; };
		D5B4BAD22939FEC100EC9584 /* SceneDelegate.swift */ = {isa = PBXFileReference; lastKnownFileType = sourcecode.swift; path = SceneDelegate.swift; sourceTree = "<group>"; };
		D5B4BAD42939FEC100EC9584 /* ViewController.swift */ = {isa = PBXFileReference; lastKnownFileType = sourcecode.swift; path = ViewController.swift; sourceTree = "<group>"; };
		D5B4BAD72939FEC100EC9584 /* Base */ = {isa = PBXFileReference; lastKnownFileType = file.storyboard; name = Base; path = Base.lproj/Main.storyboard; sourceTree = "<group>"; };
		D5B4BAD92939FEC200EC9584 /* Assets.xcassets */ = {isa = PBXFileReference; lastKnownFileType = folder.assetcatalog; path = Assets.xcassets; sourceTree = "<group>"; };
		D5B4BADC2939FEC200EC9584 /* Base */ = {isa = PBXFileReference; lastKnownFileType = file.storyboard; name = Base; path = Base.lproj/LaunchScreen.storyboard; sourceTree = "<group>"; };
		D5B4BADE2939FEC200EC9584 /* Info.plist */ = {isa = PBXFileReference; lastKnownFileType = text.plist.xml; path = Info.plist; sourceTree = "<group>"; };
		D5B4BAE82939FF3000EC9584 /* Extensions.swift */ = {isa = PBXFileReference; lastKnownFileType = sourcecode.swift; path = Extensions.swift; sourceTree = "<group>"; };
		D5B4BAEA2939FF4800EC9584 /* Account.swift */ = {isa = PBXFileReference; lastKnownFileType = sourcecode.swift; path = Account.swift; sourceTree = "<group>"; };
		D5B4BAEE2939FF7400EC9584 /* Network.swift */ = {isa = PBXFileReference; lastKnownFileType = sourcecode.swift; path = Network.swift; sourceTree = "<group>"; };
		D5B4BAF02939FF7F00EC9584 /* Router.swift */ = {isa = PBXFileReference; lastKnownFileType = sourcecode.swift; path = Router.swift; sourceTree = "<group>"; };
/* End PBXFileReference section */

/* Begin PBXFrameworksBuildPhase section */
		D5B4BACA2939FEC100EC9584 /* Frameworks */ = {
			isa = PBXFrameworksBuildPhase;
			buildActionMask = 2147483647;
			files = (
			);
			runOnlyForDeploymentPostprocessing = 0;
		};
/* End PBXFrameworksBuildPhase section */

/* Begin PBXGroup section */
		D5B4BAC42939FEC100EC9584 = {
			isa = PBXGroup;
			children = (
				D5B4BACF2939FEC100EC9584 /* Prompts-UIKit */,
				D5B4BACE2939FEC100EC9584 /* Products */,
			);
			sourceTree = "<group>";
		};
		D5B4BACE2939FEC100EC9584 /* Products */ = {
			isa = PBXGroup;
			children = (
				D5B4BACD2939FEC100EC9584 /* Prompts-UIKit.app */,
			);
			name = Products;
			sourceTree = "<group>";
		};
		D5B4BACF2939FEC100EC9584 /* Prompts-UIKit */ = {
			isa = PBXGroup;
			children = (
				D5B4BAE62939FF1A00EC9584 /* Stores */,
				D5B4BAE72939FF2000EC9584 /* Models */,
				D5B4BAE52939FF1300EC9584 /* Extensions */,
				D5B4BAE42939FF0700EC9584 /* Networking */,
				D5B4BAD02939FEC100EC9584 /* AppDelegate.swift */,
				D5B4BAD22939FEC100EC9584 /* SceneDelegate.swift */,
				D5B4BAD42939FEC100EC9584 /* ViewController.swift */,
				D5B4BAD62939FEC100EC9584 /* Main.storyboard */,
				D5B4BAD92939FEC200EC9584 /* Assets.xcassets */,
				D5B4BADB2939FEC200EC9584 /* LaunchScreen.storyboard */,
				D5B4BADE2939FEC200EC9584 /* Info.plist */,
			);
			path = "Prompts-UIKit";
			sourceTree = "<group>";
		};
		D5B4BAE42939FF0700EC9584 /* Networking */ = {
			isa = PBXGroup;
			children = (
				D5B4BAEE2939FF7400EC9584 /* Network.swift */,
				D5B4BAF02939FF7F00EC9584 /* Router.swift */,
			);
			path = Networking;
			sourceTree = "<group>";
		};
		D5B4BAE52939FF1300EC9584 /* Extensions */ = {
			isa = PBXGroup;
			children = (
				D5B4BAE82939FF3000EC9584 /* Extensions.swift */,
			);
			path = Extensions;
			sourceTree = "<group>";
		};
		D5B4BAE62939FF1A00EC9584 /* Stores */ = {
			isa = PBXGroup;
			children = (
				D5B4BAEA2939FF4800EC9584 /* Account.swift */,
			);
			path = Stores;
			sourceTree = "<group>";
		};
		D5B4BAE72939FF2000EC9584 /* Models */ = {
			isa = PBXGroup;
			children = (
			);
			path = Models;
			sourceTree = "<group>";
		};
/* End PBXGroup section */

/* Begin PBXNativeTarget section */
		D5B4BACC2939FEC100EC9584 /* Prompts-UIKit */ = {
			isa = PBXNativeTarget;
			buildConfigurationList = D5B4BAE12939FEC200EC9584 /* Build configuration list for PBXNativeTarget "Prompts-UIKit" */;
			buildPhases = (
				D5B4BAC92939FEC100EC9584 /* Sources */,
				D5B4BACA2939FEC100EC9584 /* Frameworks */,
				D5B4BACB2939FEC100EC9584 /* Resources */,
			);
			buildRules = (
			);
			dependencies = (
			);
			name = "Prompts-UIKit";
			productName = "Prompts-UIKit";
			productReference = D5B4BACD2939FEC100EC9584 /* Prompts-UIKit.app */;
			productType = "com.apple.product-type.application";
		};
/* End PBXNativeTarget section */

/* Begin PBXProject section */
		D5B4BAC52939FEC100EC9584 /* Project object */ = {
			isa = PBXProject;
			attributes = {
				BuildIndependentTargetsInParallel = 1;
				LastSwiftUpdateCheck = 1410;
				LastUpgradeCheck = 1410;
				TargetAttributes = {
					D5B4BACC2939FEC100EC9584 = {
						CreatedOnToolsVersion = 14.1;
					};
				};
			};
			buildConfigurationList = D5B4BAC82939FEC100EC9584 /* Build configuration list for PBXProject "Prompts-UIKit" */;
			compatibilityVersion = "Xcode 14.0";
			developmentRegion = en;
			hasScannedForEncodings = 0;
			knownRegions = (
				en,
				Base,
			);
			mainGroup = D5B4BAC42939FEC100EC9584;
			productRefGroup = D5B4BACE2939FEC100EC9584 /* Products */;
			projectDirPath = "";
			projectRoot = "";
			targets = (
				D5B4BACC2939FEC100EC9584 /* Prompts-UIKit */,
			);
		};
/* End PBXProject section */

/* Begin PBXResourcesBuildPhase section */
		D5B4BACB2939FEC100EC9584 /* Resources */ = {
			isa = PBXResourcesBuildPhase;
			buildActionMask = 2147483647;
			files = (
				D5B4BADD2939FEC200EC9584 /* LaunchScreen.storyboard in Resources */,
				D5B4BADA2939FEC200EC9584 /* Assets.xcassets in Resources */,
				D5B4BAD82939FEC100EC9584 /* Main.storyboard in Resources */,
			);
			runOnlyForDeploymentPostprocessing = 0;
		};
/* End PBXResourcesBuildPhase section */

/* Begin PBXSourcesBuildPhase section */
		D5B4BAC92939FEC100EC9584 /* Sources */ = {
			isa = PBXSourcesBuildPhase;
			buildActionMask = 2147483647;
			files = (
				D5B4BAEB2939FF4800EC9584 /* Account.swift in Sources */,
				D5B4BAD52939FEC100EC9584 /* ViewController.swift in Sources */,
				D5B4BAEF2939FF7400EC9584 /* Network.swift in Sources */,
				D5B4BAF12939FF7F00EC9584 /* Router.swift in Sources */,
				D5B4BAD12939FEC100EC9584 /* AppDelegate.swift in Sources */,
				D5B4BAD32939FEC100EC9584 /* SceneDelegate.swift in Sources */,
				D5B4BAE92939FF3000EC9584 /* Extensions.swift in Sources */,
			);
			runOnlyForDeploymentPostprocessing = 0;
		};
/* End PBXSourcesBuildPhase section */

/* Begin PBXVariantGroup section */
		D5B4BAD62939FEC100EC9584 /* Main.storyboard */ = {
			isa = PBXVariantGroup;
			children = (
				D5B4BAD72939FEC100EC9584 /* Base */,
			);
			name = Main.storyboard;
			sourceTree = "<group>";
		};
		D5B4BADB2939FEC200EC9584 /* LaunchScreen.storyboard */ = {
			isa = PBXVariantGroup;
			children = (
				D5B4BADC2939FEC200EC9584 /* Base */,
			);
			name = LaunchScreen.storyboard;
			sourceTree = "<group>";
		};
/* End PBXVariantGroup section */

/* Begin XCBuildConfiguration section */
		D5B4BADF2939FEC200EC9584 /* Debug */ = {
			isa = XCBuildConfiguration;
			buildSettings = {
				ALWAYS_SEARCH_USER_PATHS = NO;
				CLANG_ANALYZER_NONNULL = YES;
				CLANG_ANALYZER_NUMBER_OBJECT_CONVERSION = YES_AGGRESSIVE;
				CLANG_CXX_LANGUAGE_STANDARD = "gnu++20";
				CLANG_ENABLE_MODULES = YES;
				CLANG_ENABLE_OBJC_ARC = YES;
				CLANG_ENABLE_OBJC_WEAK = YES;
				CLANG_WARN_BLOCK_CAPTURE_AUTORELEASING = YES;
				CLANG_WARN_BOOL_CONVERSION = YES;
				CLANG_WARN_COMMA = YES;
				CLANG_WARN_CONSTANT_CONVERSION = YES;
				CLANG_WARN_DEPRECATED_OBJC_IMPLEMENTATIONS = YES;
				CLANG_WARN_DIRECT_OBJC_ISA_USAGE = YES_ERROR;
				CLANG_WARN_DOCUMENTATION_COMMENTS = YES;
				CLANG_WARN_EMPTY_BODY = YES;
				CLANG_WARN_ENUM_CONVERSION = YES;
				CLANG_WARN_INFINITE_RECURSION = YES;
				CLANG_WARN_INT_CONVERSION = YES;
				CLANG_WARN_NON_LITERAL_NULL_CONVERSION = YES;
				CLANG_WARN_OBJC_IMPLICIT_RETAIN_SELF = YES;
				CLANG_WARN_OBJC_LITERAL_CONVERSION = YES;
				CLANG_WARN_OBJC_ROOT_CLASS = YES_ERROR;
				CLANG_WARN_QUOTED_INCLUDE_IN_FRAMEWORK_HEADER = YES;
				CLANG_WARN_RANGE_LOOP_ANALYSIS = YES;
				CLANG_WARN_STRICT_PROTOTYPES = YES;
				CLANG_WARN_SUSPICIOUS_MOVE = YES;
				CLANG_WARN_UNGUARDED_AVAILABILITY = YES_AGGRESSIVE;
				CLANG_WARN_UNREACHABLE_CODE = YES;
				CLANG_WARN__DUPLICATE_METHOD_MATCH = YES;
				COPY_PHASE_STRIP = NO;
				DEBUG_INFORMATION_FORMAT = dwarf;
				ENABLE_STRICT_OBJC_MSGSEND = YES;
				ENABLE_TESTABILITY = YES;
				GCC_C_LANGUAGE_STANDARD = gnu11;
				GCC_DYNAMIC_NO_PIC = NO;
				GCC_NO_COMMON_BLOCKS = YES;
				GCC_OPTIMIZATION_LEVEL = 0;
				GCC_PREPROCESSOR_DEFINITIONS = (
					"DEBUG=1",
					"$(inherited)",
				);
				GCC_WARN_64_TO_32_BIT_CONVERSION = YES;
				GCC_WARN_ABOUT_RETURN_TYPE = YES_ERROR;
				GCC_WARN_UNDECLARED_SELECTOR = YES;
				GCC_WARN_UNINITIALIZED_AUTOS = YES_AGGRESSIVE;
				GCC_WARN_UNUSED_FUNCTION = YES;
				GCC_WARN_UNUSED_VARIABLE = YES;
				IPHONEOS_DEPLOYMENT_TARGET = 16.1;
				MTL_ENABLE_DEBUG_INFO = INCLUDE_SOURCE;
				MTL_FAST_MATH = YES;
				ONLY_ACTIVE_ARCH = YES;
				SDKROOT = iphoneos;
				SWIFT_ACTIVE_COMPILATION_CONDITIONS = DEBUG;
				SWIFT_OPTIMIZATION_LEVEL = "-Onone";
			};
			name = Debug;
		};
		D5B4BAE02939FEC200EC9584 /* Release */ = {
			isa = XCBuildConfiguration;
			buildSettings = {
				ALWAYS_SEARCH_USER_PATHS = NO;
				CLANG_ANALYZER_NONNULL = YES;
				CLANG_ANALYZER_NUMBER_OBJECT_CONVERSION = YES_AGGRESSIVE;
				CLANG_CXX_LANGUAGE_STANDARD = "gnu++20";
				CLANG_ENABLE_MODULES = YES;
				CLANG_ENABLE_OBJC_ARC = YES;
				CLANG_ENABLE_OBJC_WEAK = YES;
				CLANG_WARN_BLOCK_CAPTURE_AUTORELEASING = YES;
				CLANG_WARN_BOOL_CONVERSION = YES;
				CLANG_WARN_COMMA = YES;
				CLANG_WARN_CONSTANT_CONVERSION = YES;
				CLANG_WARN_DEPRECATED_OBJC_IMPLEMENTATIONS = YES;
				CLANG_WARN_DIRECT_OBJC_ISA_USAGE = YES_ERROR;
				CLANG_WARN_DOCUMENTATION_COMMENTS = YES;
				CLANG_WARN_EMPTY_BODY = YES;
				CLANG_WARN_ENUM_CONVERSION = YES;
				CLANG_WARN_INFINITE_RECURSION = YES;
				CLANG_WARN_INT_CONVERSION = YES;
				CLANG_WARN_NON_LITERAL_NULL_CONVERSION = YES;
				CLANG_WARN_OBJC_IMPLICIT_RETAIN_SELF = YES;
				CLANG_WARN_OBJC_LITERAL_CONVERSION = YES;
				CLANG_WARN_OBJC_ROOT_CLASS = YES_ERROR;
				CLANG_WARN_QUOTED_INCLUDE_IN_FRAMEWORK_HEADER = YES;
				CLANG_WARN_RANGE_LOOP_ANALYSIS = YES;
				CLANG_WARN_STRICT_PROTOTYPES = YES;
				CLANG_WARN_SUSPICIOUS_MOVE = YES;
				CLANG_WARN_UNGUARDED_AVAILABILITY = YES_AGGRESSIVE;
				CLANG_WARN_UNREACHABLE_CODE = YES;
				CLANG_WARN__DUPLICATE_METHOD_MATCH = YES;
				COPY_PHASE_STRIP = NO;
				DEBUG_INFORMATION_FORMAT = "dwarf-with-dsym";
				ENABLE_NS_ASSERTIONS = NO;
				ENABLE_STRICT_OBJC_MSGSEND = YES;
				GCC_C_LANGUAGE_STANDARD = gnu11;
				GCC_NO_COMMON_BLOCKS = YES;
				GCC_WARN_64_TO_32_BIT_CONVERSION = YES;
				GCC_WARN_ABOUT_RETURN_TYPE = YES_ERROR;
				GCC_WARN_UNDECLARED_SELECTOR = YES;
				GCC_WARN_UNINITIALIZED_AUTOS = YES_AGGRESSIVE;
				GCC_WARN_UNUSED_FUNCTION = YES;
				GCC_WARN_UNUSED_VARIABLE = YES;
				IPHONEOS_DEPLOYMENT_TARGET = 16.1;
				MTL_ENABLE_DEBUG_INFO = NO;
				MTL_FAST_MATH = YES;
				SDKROOT = iphoneos;
				SWIFT_COMPILATION_MODE = wholemodule;
				SWIFT_OPTIMIZATION_LEVEL = "-O";
				VALIDATE_PRODUCT = YES;
			};
			name = Release;
		};
		D5B4BAE22939FEC200EC9584 /* Debug */ = {
			isa = XCBuildConfiguration;
			buildSettings = {
				ASSETCATALOG_COMPILER_APPICON_NAME = AppIcon;
				ASSETCATALOG_COMPILER_GLOBAL_ACCENT_COLOR_NAME = AccentColor;
				CODE_SIGN_STYLE = Automatic;
				CURRENT_PROJECT_VERSION = 1;
				DEVELOPMENT_TEAM = K2B5X4W98Q;
				GENERATE_INFOPLIST_FILE = YES;
				INFOPLIST_FILE = "Prompts-UIKit/Info.plist";
				INFOPLIST_KEY_UIApplicationSupportsIndirectInputEvents = YES;
				INFOPLIST_KEY_UILaunchStoryboardName = LaunchScreen;
				INFOPLIST_KEY_UIMainStoryboardFile = Main;
				INFOPLIST_KEY_UISupportedInterfaceOrientations_iPad = "UIInterfaceOrientationPortrait UIInterfaceOrientationPortraitUpsideDown UIInterfaceOrientationLandscapeLeft UIInterfaceOrientationLandscapeRight";
				INFOPLIST_KEY_UISupportedInterfaceOrientations_iPhone = "UIInterfaceOrientationPortrait UIInterfaceOrientationLandscapeLeft UIInterfaceOrientationLandscapeRight";
				LD_RUNPATH_SEARCH_PATHS = (
					"$(inherited)",
					"@executable_path/Frameworks",
				);
				MARKETING_VERSION = 1.0;
				PRODUCT_BUNDLE_IDENTIFIER = "vishal.Prompts-UIKit";
				PRODUCT_NAME = "$(TARGET_NAME)";
				SWIFT_EMIT_LOC_STRINGS = YES;
				SWIFT_VERSION = 5.0;
				TARGETED_DEVICE_FAMILY = "1,2";
			};
			name = Debug;
		};
		D5B4BAE32939FEC200EC9584 /* Release */ = {
			isa = XCBuildConfiguration;
			buildSettings = {
				ASSETCATALOG_COMPILER_APPICON_NAME = AppIcon;
				ASSETCATALOG_COMPILER_GLOBAL_ACCENT_COLOR_NAME = AccentColor;
				CODE_SIGN_STYLE = Automatic;
				CURRENT_PROJECT_VERSION = 1;
				DEVELOPMENT_TEAM = K2B5X4W98Q;
				GENERATE_INFOPLIST_FILE = YES;
				INFOPLIST_FILE = "Prompts-UIKit/Info.plist";
				INFOPLIST_KEY_UIApplicationSupportsIndirectInputEvents = YES;
				INFOPLIST_KEY_UILaunchStoryboardName = LaunchScreen;
				INFOPLIST_KEY_UIMainStoryboardFile = Main;
				INFOPLIST_KEY_UISupportedInterfaceOrientations_iPad = "UIInterfaceOrientationPortrait UIInterfaceOrientationPortraitUpsideDown UIInterfaceOrientationLandscapeLeft UIInterfaceOrientationLandscapeRight";
				INFOPLIST_KEY_UISupportedInterfaceOrientations_iPhone = "UIInterfaceOrientationPortrait UIInterfaceOrientationLandscapeLeft UIInterfaceOrientationLandscapeRight";
				LD_RUNPATH_SEARCH_PATHS = (
					"$(inherited)",
					"@executable_path/Frameworks",
				);
				MARKETING_VERSION = 1.0;
				PRODUCT_BUNDLE_IDENTIFIER = "vishal.Prompts-UIKit";
				PRODUCT_NAME = "$(TARGET_NAME)";
				SWIFT_EMIT_LOC_STRINGS = YES;
				SWIFT_VERSION = 5.0;
				TARGETED_DEVICE_FAMILY = "1,2";
			};
			name = Release;
		};
/* End XCBuildConfiguration section */

/* Begin XCConfigurationList section */
		D5B4BAC82939FEC100EC9584 /* Build configuration list for PBXProject "Prompts-UIKit" */ = {
			isa = XCConfigurationList;
			buildConfigurations = (
				D5B4BADF2939FEC200EC9584 /* Debug */,
				D5B4BAE02939FEC200EC9584 /* Release */,
			);
			defaultConfigurationIsVisible = 0;
			defaultConfigurationName = Release;
		};
		D5B4BAE12939FEC200EC9584 /* Build configuration list for PBXNativeTarget "Prompts-UIKit" */ = {
			isa = XCConfigurationList;
			buildConfigurations = (
				D5B4BAE22939FEC200EC9584 /* Debug */,
				D5B4BAE32939FEC200EC9584 /* Release */,
			);
			defaultConfigurationIsVisible = 0;
			defaultConfigurationName = Release;
		};
/* End XCConfigurationList section */
	};
	rootObject = D5B4BAC52939FEC100EC9584 /* Project object */;
}
